
Microsoft Visual Studio Solution File, Format Version 12.00
# Visual Studio Version 17
VisualStudioVersion = 17.9.34622.214
MinimumVisualStudioVersion = 10.0.40219.1
Project("{FAE04EC0-301F-11D3-BF4B-00C04F79EFBC}") = "MF.Host.Server", "MF.Host.Server\MF.Host.Server.csproj", "{548BF55A-F271-4421-9F54-EFCFCDF9C80B}"
EndProject
Project("{54A90642-561A-4BB1-A94E-469ADEE60C69}") = "mf.host.client", "mf.host.client\mf.host.client.esproj", "{E68A7F28-2879-45AB-B7C2-1A5F22A88361}"
EndProject
Global
	GlobalSection(SolutionConfigurationPlatforms) = preSolution
		Debug|Any CPU = Debug|Any CPU
		Release|Any CPU = Release|Any CPU
	EndGlobalSection
	GlobalSection(ProjectConfigurationPlatforms) = postSolution
		{548BF55A-F271-4421-9F54-EFCFCDF9C80B}.Debug|Any CPU.ActiveCfg = Debug|Any CPU
		{548BF55A-F271-4421-9F54-EFCFCDF9C80B}.Debug|Any CPU.Build.0 = Debug|Any CPU
		{548BF55A-F271-4421-9F54-EFCFCDF9C80B}.Release|Any CPU.ActiveCfg = Release|Any CPU
		{548BF55A-F271-4421-9F54-EFCFCDF9C80B}.Release|Any CPU.Build.0 = Release|Any CPU
		{E68A7F28-2879-45AB-B7C2-1A5F22A88361}.Debug|Any CPU.ActiveCfg = Debug|Any CPU
		{E68A7F28-2879-45AB-B7C2-1A5F22A88361}.Debug|Any CPU.Build.0 = Debug|Any CPU
		{E68A7F28-2879-45AB-B7C2-1A5F22A88361}.Debug|Any CPU.Deploy.0 = Debug|Any CPU
		{E68A7F28-2879-45AB-B7C2-1A5F22A88361}.Release|Any CPU.ActiveCfg = Release|Any CPU
		{E68A7F28-2879-45AB-B7C2-1A5F22A88361}.Release|Any CPU.Build.0 = Release|Any CPU
		{E68A7F28-2879-45AB-B7C2-1A5F22A88361}.Release|Any CPU.Deploy.0 = Release|Any CPU
	EndGlobalSection
	GlobalSection(SolutionProperties) = preSolution
		HideSolutionNode = FALSE
	EndGlobalSection
	GlobalSection(ExtensibilityGlobals) = postSolution
		SolutionGuid = {65B79DAA-D5F2-42AC-8EEC-0A3115509F85}
	EndGlobalSection
EndGlobal
